{
  "name": "Hackthon-pro",
  "lockfileVersion": 3,
  "requires": true,
  "packages": {
    "": {
      "dependencies": {
        "@zegocloud/zego-uikit-prebuilt": "^1.8.9"
      }
    },
    "node_modules/@zegocloud/zego-uikit-prebuilt": {
      "version": "1.8.9",
      "resolved": "https://registry.npmjs.org/@zegocloud/zego-uikit-prebuilt/-/zego-uikit-prebuilt-1.8.9.tgz",
      "integrity": "sha512-DzclxFFP6NalJFN3ah75iT6z1WeFQjINn0pjnzYxGkEhoA+BtGXnblcAEpq+EJXh/BxMOnvw3nLb9UrJV86/qQ=="
    }
  }
}
